
Microsoft Visual Studio Solution File, Format Version 12.00
# Visual Studio 2013
VisualStudioVersion = 12.0.31101.0
MinimumVisualStudioVersion = 10.0.40219.1
Project("{FAE04EC0-301F-11D3-BF4B-00C04F79EFBC}") = "一言", "一言\一言.csproj", "{9DF0D28B-8559-42D4-BC22-7216CC133DE7}"
EndProject
Project("{FAE04EC0-301F-11D3-BF4B-00C04F79EFBC}") = "Basktask", "Basktask\Basktask.csproj", "{1E0CD23F-7893-4A56-BFE5-3E5226DD2272}"
EndProject
Global
	GlobalSection(SolutionConfigurationPlatforms) = preSolution
		Debug|Any CPU = Debug|Any CPU
		Debug|ARM = Debug|ARM
		Debug|x86 = Debug|x86
		Release|Any CPU = Release|Any CPU
		Release|ARM = Release|ARM
		Release|x86 = Release|x86
	EndGlobalSection
	GlobalSection(ProjectConfigurationPlatforms) = postSolution
		{9DF0D28B-8559-42D4-BC22-7216CC133DE7}.Debug|Any CPU.ActiveCfg = Debug|Any CPU
		{9DF0D28B-8559-42D4-BC22-7216CC133DE7}.Debug|Any CPU.Build.0 = Debug|Any CPU
		{9DF0D28B-8559-42D4-BC22-7216CC133DE7}.Debug|Any CPU.Deploy.0 = Debug|Any CPU
		{9DF0D28B-8559-42D4-BC22-7216CC133DE7}.Debug|ARM.ActiveCfg = Debug|ARM
		{9DF0D28B-8559-42D4-BC22-7216CC133DE7}.Debug|ARM.Build.0 = Debug|ARM
		{9DF0D28B-8559-42D4-BC22-7216CC133DE7}.Debug|ARM.Deploy.0 = Debug|ARM
		{9DF0D28B-8559-42D4-BC22-7216CC133DE7}.Debug|x86.ActiveCfg = Debug|x86
		{9DF0D28B-8559-42D4-BC22-7216CC133DE7}.Debug|x86.Build.0 = Debug|x86
		{9DF0D28B-8559-42D4-BC22-7216CC133DE7}.Debug|x86.Deploy.0 = Debug|x86
		{9DF0D28B-8559-42D4-BC22-7216CC133DE7}.Release|Any CPU.ActiveCfg = Release|Any CPU
		{9DF0D28B-8559-42D4-BC22-7216CC133DE7}.Release|Any CPU.Build.0 = Release|Any CPU
		{9DF0D28B-8559-42D4-BC22-7216CC133DE7}.Release|Any CPU.Deploy.0 = Release|Any CPU
		{9DF0D28B-8559-42D4-BC22-7216CC133DE7}.Release|ARM.ActiveCfg = Release|ARM
		{9DF0D28B-8559-42D4-BC22-7216CC133DE7}.Release|ARM.Build.0 = Release|ARM
		{9DF0D28B-8559-42D4-BC22-7216CC133DE7}.Release|ARM.Deploy.0 = Release|ARM
		{9DF0D28B-8559-42D4-BC22-7216CC133DE7}.Release|x86.ActiveCfg = Release|x86
		{9DF0D28B-8559-42D4-BC22-7216CC133DE7}.Release|x86.Build.0 = Release|x86
		{9DF0D28B-8559-42D4-BC22-7216CC133DE7}.Release|x86.Deploy.0 = Release|x86
		{1E0CD23F-7893-4A56-BFE5-3E5226DD2272}.Debug|Any CPU.ActiveCfg = Debug|Any CPU
		{1E0CD23F-7893-4A56-BFE5-3E5226DD2272}.Debug|Any CPU.Build.0 = Debug|Any CPU
		{1E0CD23F-7893-4A56-BFE5-3E5226DD2272}.Debug|ARM.ActiveCfg = Debug|ARM
		{1E0CD23F-7893-4A56-BFE5-3E5226DD2272}.Debug|ARM.Build.0 = Debug|ARM
		{1E0CD23F-7893-4A56-BFE5-3E5226DD2272}.Debug|x86.ActiveCfg = Debug|x86
		{1E0CD23F-7893-4A56-BFE5-3E5226DD2272}.Debug|x86.Build.0 = Debug|x86
		{1E0CD23F-7893-4A56-BFE5-3E5226DD2272}.Release|Any CPU.ActiveCfg = Release|Any CPU
		{1E0CD23F-7893-4A56-BFE5-3E5226DD2272}.Release|Any CPU.Build.0 = Release|Any CPU
		{1E0CD23F-7893-4A56-BFE5-3E5226DD2272}.Release|ARM.ActiveCfg = Release|ARM
		{1E0CD23F-7893-4A56-BFE5-3E5226DD2272}.Release|ARM.Build.0 = Release|ARM
		{1E0CD23F-7893-4A56-BFE5-3E5226DD2272}.Release|x86.ActiveCfg = Release|x86
		{1E0CD23F-7893-4A56-BFE5-3E5226DD2272}.Release|x86.Build.0 = Release|x86
	EndGlobalSection
	GlobalSection(SolutionProperties) = preSolution
		HideSolutionNode = FALSE
	EndGlobalSection
EndGlobal
