
Microsoft Visual Studio Solution File, Format Version 12.00
# Visual Studio 2013
VisualStudioVersion = 12.0.30723.0
MinimumVisualStudioVersion = 10.0.40219.1
Project("{FAE04EC0-301F-11D3-BF4B-00C04F79EFBC}") = "Nano", "Nano\Nano.csproj", "{06385A0B-5FB3-4B74-BC1D-3382E34B157D}"
EndProject
Global
	GlobalSection(SolutionConfigurationPlatforms) = preSolution
		Debug|Any CPU = Debug|Any CPU
		Release|Any CPU = Release|Any CPU
	EndGlobalSection
	GlobalSection(ProjectConfigurationPlatforms) = postSolution
		{06385A0B-5FB3-4B74-BC1D-3382E34B157D}.Debug|Any CPU.ActiveCfg = Debug|Any CPU
		{06385A0B-5FB3-4B74-BC1D-3382E34B157D}.Debug|Any CPU.Build.0 = Debug|Any CPU
		{06385A0B-5FB3-4B74-BC1D-3382E34B157D}.Release|Any CPU.ActiveCfg = Release|Any CPU
		{06385A0B-5FB3-4B74-BC1D-3382E34B157D}.Release|Any CPU.Build.0 = Release|Any CPU
	EndGlobalSection
	GlobalSection(SolutionProperties) = preSolution
		HideSolutionNode = FALSE
	EndGlobalSection
EndGlobal
