
Microsoft Visual Studio Solution File, Format Version 12.00
# Visual Studio 2013
VisualStudioVersion = 12.0.30723.0
MinimumVisualStudioVersion = 10.0.40219.1
Project("{FAE04EC0-301F-11D3-BF4B-00C04F79EFBC}") = "复习数据绑定", "复习数据绑定\复习数据绑定.csproj", "{96B2E9BF-811B-4EA2-B484-26927647779F}"
EndProject
Project("{FAE04EC0-301F-11D3-BF4B-00C04F79EFBC}") = "使用静态资源", "使用静态资源\使用静态资源.csproj", "{C15F5C69-2FF7-4FAE-A368-9B656A54D2EE}"
EndProject
Project("{FAE04EC0-301F-11D3-BF4B-00C04F79EFBC}") = "MVVM", "MVVM\MVVM.csproj", "{D17BDEE8-C1FA-4F29-8460-746155E90A19}"
EndProject
Global
	GlobalSection(SolutionConfigurationPlatforms) = preSolution
		Debug|Any CPU = Debug|Any CPU
		Debug|ARM = Debug|ARM
		Debug|x86 = Debug|x86
		Release|Any CPU = Release|Any CPU
		Release|ARM = Release|ARM
		Release|x86 = Release|x86
	EndGlobalSection
	GlobalSection(ProjectConfigurationPlatforms) = postSolution
		{96B2E9BF-811B-4EA2-B484-26927647779F}.Debug|Any CPU.ActiveCfg = Debug|Any CPU
		{96B2E9BF-811B-4EA2-B484-26927647779F}.Debug|Any CPU.Build.0 = Debug|Any CPU
		{96B2E9BF-811B-4EA2-B484-26927647779F}.Debug|Any CPU.Deploy.0 = Debug|Any CPU
		{96B2E9BF-811B-4EA2-B484-26927647779F}.Debug|ARM.ActiveCfg = Debug|ARM
		{96B2E9BF-811B-4EA2-B484-26927647779F}.Debug|ARM.Build.0 = Debug|ARM
		{96B2E9BF-811B-4EA2-B484-26927647779F}.Debug|ARM.Deploy.0 = Debug|ARM
		{96B2E9BF-811B-4EA2-B484-26927647779F}.Debug|x86.ActiveCfg = Debug|x86
		{96B2E9BF-811B-4EA2-B484-26927647779F}.Debug|x86.Build.0 = Debug|x86
		{96B2E9BF-811B-4EA2-B484-26927647779F}.Debug|x86.Deploy.0 = Debug|x86
		{96B2E9BF-811B-4EA2-B484-26927647779F}.Release|Any CPU.ActiveCfg = Release|Any CPU
		{96B2E9BF-811B-4EA2-B484-26927647779F}.Release|Any CPU.Build.0 = Release|Any CPU
		{96B2E9BF-811B-4EA2-B484-26927647779F}.Release|Any CPU.Deploy.0 = Release|Any CPU
		{96B2E9BF-811B-4EA2-B484-26927647779F}.Release|ARM.ActiveCfg = Release|ARM
		{96B2E9BF-811B-4EA2-B484-26927647779F}.Release|ARM.Build.0 = Release|ARM
		{96B2E9BF-811B-4EA2-B484-26927647779F}.Release|ARM.Deploy.0 = Release|ARM
		{96B2E9BF-811B-4EA2-B484-26927647779F}.Release|x86.ActiveCfg = Release|x86
		{96B2E9BF-811B-4EA2-B484-26927647779F}.Release|x86.Build.0 = Release|x86
		{96B2E9BF-811B-4EA2-B484-26927647779F}.Release|x86.Deploy.0 = Release|x86
		{C15F5C69-2FF7-4FAE-A368-9B656A54D2EE}.Debug|Any CPU.ActiveCfg = Debug|Any CPU
		{C15F5C69-2FF7-4FAE-A368-9B656A54D2EE}.Debug|Any CPU.Build.0 = Debug|Any CPU
		{C15F5C69-2FF7-4FAE-A368-9B656A54D2EE}.Debug|Any CPU.Deploy.0 = Debug|Any CPU
		{C15F5C69-2FF7-4FAE-A368-9B656A54D2EE}.Debug|ARM.ActiveCfg = Debug|ARM
		{C15F5C69-2FF7-4FAE-A368-9B656A54D2EE}.Debug|ARM.Build.0 = Debug|ARM
		{C15F5C69-2FF7-4FAE-A368-9B656A54D2EE}.Debug|ARM.Deploy.0 = Debug|ARM
		{C15F5C69-2FF7-4FAE-A368-9B656A54D2EE}.Debug|x86.ActiveCfg = Debug|x86
		{C15F5C69-2FF7-4FAE-A368-9B656A54D2EE}.Debug|x86.Build.0 = Debug|x86
		{C15F5C69-2FF7-4FAE-A368-9B656A54D2EE}.Debug|x86.Deploy.0 = Debug|x86
		{C15F5C69-2FF7-4FAE-A368-9B656A54D2EE}.Release|Any CPU.ActiveCfg = Release|Any CPU
		{C15F5C69-2FF7-4FAE-A368-9B656A54D2EE}.Release|Any CPU.Build.0 = Release|Any CPU
		{C15F5C69-2FF7-4FAE-A368-9B656A54D2EE}.Release|Any CPU.Deploy.0 = Release|Any CPU
		{C15F5C69-2FF7-4FAE-A368-9B656A54D2EE}.Release|ARM.ActiveCfg = Release|ARM
		{C15F5C69-2FF7-4FAE-A368-9B656A54D2EE}.Release|ARM.Build.0 = Release|ARM
		{C15F5C69-2FF7-4FAE-A368-9B656A54D2EE}.Release|ARM.Deploy.0 = Release|ARM
		{C15F5C69-2FF7-4FAE-A368-9B656A54D2EE}.Release|x86.ActiveCfg = Release|x86
		{C15F5C69-2FF7-4FAE-A368-9B656A54D2EE}.Release|x86.Build.0 = Release|x86
		{C15F5C69-2FF7-4FAE-A368-9B656A54D2EE}.Release|x86.Deploy.0 = Release|x86
		{D17BDEE8-C1FA-4F29-8460-746155E90A19}.Debug|Any CPU.ActiveCfg = Debug|Any CPU
		{D17BDEE8-C1FA-4F29-8460-746155E90A19}.Debug|Any CPU.Build.0 = Debug|Any CPU
		{D17BDEE8-C1FA-4F29-8460-746155E90A19}.Debug|Any CPU.Deploy.0 = Debug|Any CPU
		{D17BDEE8-C1FA-4F29-8460-746155E90A19}.Debug|ARM.ActiveCfg = Debug|ARM
		{D17BDEE8-C1FA-4F29-8460-746155E90A19}.Debug|ARM.Build.0 = Debug|ARM
		{D17BDEE8-C1FA-4F29-8460-746155E90A19}.Debug|ARM.Deploy.0 = Debug|ARM
		{D17BDEE8-C1FA-4F29-8460-746155E90A19}.Debug|x86.ActiveCfg = Debug|x86
		{D17BDEE8-C1FA-4F29-8460-746155E90A19}.Debug|x86.Build.0 = Debug|x86
		{D17BDEE8-C1FA-4F29-8460-746155E90A19}.Debug|x86.Deploy.0 = Debug|x86
		{D17BDEE8-C1FA-4F29-8460-746155E90A19}.Release|Any CPU.ActiveCfg = Release|Any CPU
		{D17BDEE8-C1FA-4F29-8460-746155E90A19}.Release|Any CPU.Build.0 = Release|Any CPU
		{D17BDEE8-C1FA-4F29-8460-746155E90A19}.Release|Any CPU.Deploy.0 = Release|Any CPU
		{D17BDEE8-C1FA-4F29-8460-746155E90A19}.Release|ARM.ActiveCfg = Release|ARM
		{D17BDEE8-C1FA-4F29-8460-746155E90A19}.Release|ARM.Build.0 = Release|ARM
		{D17BDEE8-C1FA-4F29-8460-746155E90A19}.Release|ARM.Deploy.0 = Release|ARM
		{D17BDEE8-C1FA-4F29-8460-746155E90A19}.Release|x86.ActiveCfg = Release|x86
		{D17BDEE8-C1FA-4F29-8460-746155E90A19}.Release|x86.Build.0 = Release|x86
		{D17BDEE8-C1FA-4F29-8460-746155E90A19}.Release|x86.Deploy.0 = Release|x86
	EndGlobalSection
	GlobalSection(SolutionProperties) = preSolution
		HideSolutionNode = FALSE
	EndGlobalSection
EndGlobal
