
Microsoft Visual Studio Solution File, Format Version 12.00
# Visual Studio 2013
VisualStudioVersion = 12.0.30723.0
MinimumVisualStudioVersion = 10.0.40219.1
Project("{FAE04EC0-301F-11D3-BF4B-00C04F79EFBC}") = "nano5", "nano5\nano5.csproj", "{08B3C543-BAE9-40C4-8BAA-0F47BFA9190C}"
EndProject
Global
	GlobalSection(SolutionConfigurationPlatforms) = preSolution
		Debug|Any CPU = Debug|Any CPU
		Release|Any CPU = Release|Any CPU
	EndGlobalSection
	GlobalSection(ProjectConfigurationPlatforms) = postSolution
		{08B3C543-BAE9-40C4-8BAA-0F47BFA9190C}.Debug|Any CPU.ActiveCfg = Debug|Any CPU
		{08B3C543-BAE9-40C4-8BAA-0F47BFA9190C}.Debug|Any CPU.Build.0 = Debug|Any CPU
		{08B3C543-BAE9-40C4-8BAA-0F47BFA9190C}.Release|Any CPU.ActiveCfg = Release|Any CPU
		{08B3C543-BAE9-40C4-8BAA-0F47BFA9190C}.Release|Any CPU.Build.0 = Release|Any CPU
	EndGlobalSection
	GlobalSection(SolutionProperties) = preSolution
		HideSolutionNode = FALSE
	EndGlobalSection
EndGlobal
